
Microsoft Visual Studio Solution File, Format Version 12.00
# Visual Studio Version 17
VisualStudioVersion = 17.10.35004.147
MinimumVisualStudioVersion = 10.0.40219.1
Project("{FAE04EC0-301F-11D3-BF4B-00C04F79EFBC}") = "frmMain.cs", "csharp_from1\frmMain.cs.csproj", "{BB6888D8-770F-47BA-A91C-131CC6734BDE}"
EndProject
Global
	GlobalSection(SolutionConfigurationPlatforms) = preSolution
		Debug|Any CPU = Debug|Any CPU
		Release|Any CPU = Release|Any CPU
	EndGlobalSection
	GlobalSection(ProjectConfigurationPlatforms) = postSolution
		{BB6888D8-770F-47BA-A91C-131CC6734BDE}.Debug|Any CPU.ActiveCfg = Debug|Any CPU
		{BB6888D8-770F-47BA-A91C-131CC6734BDE}.Debug|Any CPU.Build.0 = Debug|Any CPU
		{BB6888D8-770F-47BA-A91C-131CC6734BDE}.Release|Any CPU.ActiveCfg = Release|Any CPU
		{BB6888D8-770F-47BA-A91C-131CC6734BDE}.Release|Any CPU.Build.0 = Release|Any CPU
	EndGlobalSection
	GlobalSection(SolutionProperties) = preSolution
		HideSolutionNode = FALSE
	EndGlobalSection
	GlobalSection(ExtensibilityGlobals) = postSolution
		SolutionGuid = {3A8AACFD-DA3C-42AE-950C-9B9FDF4DAC07}
	EndGlobalSection
EndGlobal
